
Microsoft Visual Studio Solution File, Format Version 12.00
# Visual Studio Version 17
VisualStudioVersion = 17.6.33829.357
MinimumVisualStudioVersion = 10.0.40219.1
Project("{9A19103F-16F7-4668-BE54-9A1E7A4F7556}") = "iTin.Core.Hardware.Common", "src\iTin.Core.Hardware.Common.csproj", "{B2D378BC-8D9A-4E29-9EAD-F3E4E70B86A5}"
EndProject
Project("{2150E333-8FDC-42A3-9474-1A3956D46DE8}") = "lib", "lib", "{91FBA465-2D2E-410A-8F9C-FF475B72F204}"
EndProject
Project("{9A19103F-16F7-4668-BE54-9A1E7A4F7556}") = "iTin.Core", "..\iTin.Core\src\iTin.Core.csproj", "{CCC0EF47-C889-48FF-A77C-A587CE95B25E}"
EndProject
Global
	GlobalSection(SolutionConfigurationPlatforms) = preSolution
		Debug|Any CPU = Debug|Any CPU
		Release|Any CPU = Release|Any CPU
	EndGlobalSection
	GlobalSection(ProjectConfigurationPlatforms) = postSolution
		{B2D378BC-8D9A-4E29-9EAD-F3E4E70B86A5}.Debug|Any CPU.ActiveCfg = Debug|Any CPU
		{B2D378BC-8D9A-4E29-9EAD-F3E4E70B86A5}.Debug|Any CPU.Build.0 = Debug|Any CPU
		{B2D378BC-8D9A-4E29-9EAD-F3E4E70B86A5}.Release|Any CPU.ActiveCfg = Release|Any CPU
		{B2D378BC-8D9A-4E29-9EAD-F3E4E70B86A5}.Release|Any CPU.Build.0 = Release|Any CPU
		{CCC0EF47-C889-48FF-A77C-A587CE95B25E}.Debug|Any CPU.ActiveCfg = Debug|Any CPU
		{CCC0EF47-C889-48FF-A77C-A587CE95B25E}.Debug|Any CPU.Build.0 = Debug|Any CPU
		{CCC0EF47-C889-48FF-A77C-A587CE95B25E}.Release|Any CPU.ActiveCfg = Release|Any CPU
		{CCC0EF47-C889-48FF-A77C-A587CE95B25E}.Release|Any CPU.Build.0 = Release|Any CPU
	EndGlobalSection
	GlobalSection(SolutionProperties) = preSolution
		HideSolutionNode = FALSE
	EndGlobalSection
	GlobalSection(NestedProjects) = preSolution
		{CCC0EF47-C889-48FF-A77C-A587CE95B25E} = {91FBA465-2D2E-410A-8F9C-FF475B72F204}
	EndGlobalSection
	GlobalSection(ExtensibilityGlobals) = postSolution
		SolutionGuid = {98742FC0-CFC6-4E9E-95F2-F5A395B71216}
	EndGlobalSection
EndGlobal
